
Microsoft Visual Studio Solution File, Format Version 12.00
# Visual Studio 2013
VisualStudioVersion = 12.0.31101.0
MinimumVisualStudioVersion = 10.0.40219.1
Project("{FAE04EC0-301F-11D3-BF4B-00C04F79EFBC}") = "1.14.2015_AlbumSearch", "1.14.2015_AlbumSearch\1.14.2015_AlbumSearch.csproj", "{0E953415-4623-423C-AFF0-28BC64C0544D}"
EndProject
Project("{FAE04EC0-301F-11D3-BF4B-00C04F79EFBC}") = "1.14.2015_AlbumSearch.Data", "1.14.2015_AlbumSearch.Data\1.14.2015_AlbumSearch.Data.csproj", "{A7FA7A47-BCB7-4D85-BDAA-F815798642A9}"
EndProject
Project("{FAE04EC0-301F-11D3-BF4B-00C04F79EFBC}") = "1.14.2015_AlbumSearch.Data.Models", "1.14.2015_AlbumSearch.Data.Models\1.14.2015_AlbumSearch.Data.Models.csproj", "{8A527333-03EA-41D3-B8A0-30E083DB13EF}"
EndProject
Global
	GlobalSection(TeamFoundationVersionControl) = preSolution
		SccNumberOfProjects = 4
		SccEnterpriseProvider = {4CA58AB2-18FA-4F8D-95D4-32DDF27D184C}
		SccTeamFoundationServer = https://tfs.codeplex.com/tfs/tfs20
		SccLocalPath0 = .
		SccProjectUniqueName1 = 1.14.2015_AlbumSearch\\1.14.2015_AlbumSearch.csproj
		SccProjectName1 = 1.14.2015_AlbumSearch
		SccLocalPath1 = 1.14.2015_AlbumSearch
		SccProjectUniqueName2 = 1.14.2015_AlbumSearch.Data\\1.14.2015_AlbumSearch.Data.csproj
		SccProjectName2 = 1.14.2015_AlbumSearch.Data
		SccLocalPath2 = 1.14.2015_AlbumSearch.Data
		SccProjectUniqueName3 = 1.14.2015_AlbumSearch.Data.Models\\1.14.2015_AlbumSearch.Data.Models.csproj
		SccProjectName3 = 1.14.2015_AlbumSearch.Data.Models
		SccLocalPath3 = 1.14.2015_AlbumSearch.Data.Models
	EndGlobalSection
	GlobalSection(SolutionConfigurationPlatforms) = preSolution
		Debug|Any CPU = Debug|Any CPU
		Release|Any CPU = Release|Any CPU
	EndGlobalSection
	GlobalSection(ProjectConfigurationPlatforms) = postSolution
		{0E953415-4623-423C-AFF0-28BC64C0544D}.Debug|Any CPU.ActiveCfg = Debug|Any CPU
		{0E953415-4623-423C-AFF0-28BC64C0544D}.Debug|Any CPU.Build.0 = Debug|Any CPU
		{0E953415-4623-423C-AFF0-28BC64C0544D}.Release|Any CPU.ActiveCfg = Release|Any CPU
		{0E953415-4623-423C-AFF0-28BC64C0544D}.Release|Any CPU.Build.0 = Release|Any CPU
		{A7FA7A47-BCB7-4D85-BDAA-F815798642A9}.Debug|Any CPU.ActiveCfg = Debug|Any CPU
		{A7FA7A47-BCB7-4D85-BDAA-F815798642A9}.Debug|Any CPU.Build.0 = Debug|Any CPU
		{A7FA7A47-BCB7-4D85-BDAA-F815798642A9}.Release|Any CPU.ActiveCfg = Release|Any CPU
		{A7FA7A47-BCB7-4D85-BDAA-F815798642A9}.Release|Any CPU.Build.0 = Release|Any CPU
		{8A527333-03EA-41D3-B8A0-30E083DB13EF}.Debug|Any CPU.ActiveCfg = Debug|Any CPU
		{8A527333-03EA-41D3-B8A0-30E083DB13EF}.Debug|Any CPU.Build.0 = Debug|Any CPU
		{8A527333-03EA-41D3-B8A0-30E083DB13EF}.Release|Any CPU.ActiveCfg = Release|Any CPU
		{8A527333-03EA-41D3-B8A0-30E083DB13EF}.Release|Any CPU.Build.0 = Release|Any CPU
	EndGlobalSection
	GlobalSection(SolutionProperties) = preSolution
		HideSolutionNode = FALSE
	EndGlobalSection
EndGlobal
